PODS:
  - AFNetworking (3.0.4):
    - AFNetworking/NSURLSession (= 3.0.4)
    - AFNetworking/Reachability (= 3.0.4)
    - AFNetworking/Security (= 3.0.4)
    - AFNetworking/Serialization (= 3.0.4)
    - AFNetworking/UIKit (= 3.0.4)
  - AFNetworking/NSURLSession (3.0.4):
    - AFNetworking/Reachability
    - AFNetworking/Security
    - AFNetworking/Serialization
  - AFNetworking/Reachability (3.0.4)
  - AFNetworking/Security (3.0.4)
  - AFNetworking/Serialization (3.0.4)
  - AFNetworking/UIKit (3.0.4):
    - AFNetworking/NSURLSession
  - BaiduMapKit (3.2.1)
  - CocoaPicker (1.1)
  - DOPDropDownMenu-Enhanced (1.0.0)
  - DZNEmptyDataSet (1.5.2)
  - FSCalendar (2.7.4)
  - HexColors (2.2.1)
  - IQKeyboardManager (3.2.4)
  - JSONModel (1.1.2)
  - Masonry (1.0.2)
  - MBProgressHUD (0.9.2)
  - MJRefresh (2.3.2)
  - NJKWebViewProgress (0.2.3):
    - NJKWebViewProgress/Core (= 0.2.3)
    - NJKWebViewProgress/ProgressView (= 0.2.3)
  - NJKWebViewProgress/Core (0.2.3)
  - NJKWebViewProgress/ProgressView (0.2.3)
  - PNChart (0.8.9):
    - UICountingLabel (~> 1.2.0)
  - PSCollectionView (0.0.1)
  - SDWebImage (3.7.6):
    - SDWebImage/Core (= 3.7.6)
  - SDWebImage/Core (3.7.6)
  - SVProgressHUD (2.1.2)
  - TSMessages (0.9.12):
    - HexColors (~> 2.2.0)
  - TYPagerController (1.0.2)
  - UICountingLabel (1.2.0)
  - UMengAnalytics-NO-IDFA (4.2.5)
  - YYText (1.0.7)

DEPENDENCIES:
  - AFNetworking (~> 3.0.4)
  - BaiduMapKit
  - CocoaPicker
  - DOPDropDownMenu-Enhanced (~> 1.0.0)
  - DZNEmptyDataSet (~> 1.5.2)
  - FSCalendar
  - IQKeyboardManager (~> 3.2.4)
  - JSONModel (~> 1.1.2)
  - Masonry
  - MBProgressHUD (~> 0.9.1)
  - MJRefresh (~> 2.3.2)
  - NJKWebViewProgress
  - PNChart
  - PSCollectionView (~> 0.0.1)
  - SDWebImage (~> 3.7.2)
  - SVProgressHUD
  - TSMessages
  - TYPagerController
  - UMengAnalytics-NO-IDFA
  - YYText

SPEC CHECKSUMS:
  AFNetworking: a0075feb321559dc78d9d85b55d11caa19eabb93
  BaiduMapKit: 9c748785aa3dddfc41dcb70c14b21ce32f680930
  CocoaPicker: 0d898140a152c01585322586b97868496c4f097b
  DOPDropDownMenu-Enhanced: 9ec473b16351b5b0b2d6ef87e7f666fe5ff54ad5
  DZNEmptyDataSet: 741da409081a4bf707c949c964623a6ad1799772
  FSCalendar: e95995a746acae531c4a7dd636b8393233125ec5
  HexColors: abfd172e329dab59888614ccba6f216cec59289d
  IQKeyboardManager: 555b1231fefafb21b19278d7cca72986a27b748b
  JSONModel: 216584d0311b053ff714f1d6cb700dbf890847bc
  Masonry: 7c429b56da9d4ee0bbb3ed77a5ea710d6a5df39e
  MBProgressHUD: 1569cf7ace17a8bac47aabfbb8580a49690386d1
  MJRefresh: 0f6f5e8387970607c26080b44058b229a23065d7
  NJKWebViewProgress: f481fd424cb5ecc27eacae11b5397db92fba9a4d
  PNChart: 84774d225c2126ded6c93d4dbe6ae98c3a73c2d2
  PSCollectionView: 34b33818bfb5c00a2f7afdae6252baa99b46f814
  SDWebImage: c325cf02c30337336b95beff20a13df489ec0ec9
  SVProgressHUD: c404a55d78acbeb7ebb78b76d3faf986475a6994
  TSMessages: c8cc7b80f2a833af533872cd02010cac061532cc
  TYPagerController: 0b3e3e589a217ff537d5f78e1e76594beaa4cfc6
  UICountingLabel: 1db4e7d023e1762171eb226d6dff47a7a84f27aa
  UMengAnalytics-NO-IDFA: 16666e32edce5be44ae5b14aaaa7f3582e09d6ab
  YYText: 5c461d709e24d55a182d1441c41dc639a18a4849

PODFILE CHECKSUM: c3c38d6b8dab0fa16aaa9b5d8398f4b127fb8e16

COCOAPODS: 1.2.0.beta.1
